
Microsoft Visual Studio Solution File, Format Version 12.00
# Visual Studio Version 18
VisualStudioVersion = 18.0.11222.15
MinimumVisualStudioVersion = 10.0.40219.1
Project("{9A19103F-16F7-4668-BE54-9A1E7A4F7556}") = "Klacks.Api", "Klacks.Api.csproj", "{9C285B05-D02E-4F5B-8FB3-AC5DE92B1900}"
EndProject
Project("{FAE04EC0-301F-11D3-BF4B-00C04F79EFBC}") = "UnitTest", "..\UnitTest\UnitTest.csproj", "{AAB0C7A0-B3EC-438D-BEEE-F7C7CBE8D049}"
EndProject
Project("{FAE04EC0-301F-11D3-BF4B-00C04F79EFBC}") = "E2ETest", "..\E2ETest\E2ETest.csproj", "{1AF0B151-5882-4F26-B8AA-88689D19AEED}"
EndProject
Project("{FAE04EC0-301F-11D3-BF4B-00C04F79EFBC}") = "Klacks.Blazor", "..\Klacks.Blazor\Klacks.Blazor.csproj", "{235EDC1C-C4AF-F5FB-2EB6-334AEF7BAC7A}"
EndProject
Project("{FAE04EC0-301F-11D3-BF4B-00C04F79EFBC}") = "IntegrationTest", "..\IntegrationTest\IntegrationTest.csproj", "{4BD34E49-FAB6-5030-C657-DD817B4B907E}"
EndProject
Project("{9A19103F-16F7-4668-BE54-9A1E7A4F7556}") = "Klacks.MCP.Server", "..\Klacks.MCP.Server\Klacks.MCP.Server.csproj", "{B8E3A1C2-5D4F-4E6A-9B7C-8D1E2F3A4B5C}"
EndProject
Project("{FAE04EC0-301F-11D3-BF4B-00C04F79EFBC}") = "Klacks.Docs", "..\Klacks.Docs\Klacks.Docs.csproj", "{9582D1F8-73C7-4BC1-B4F4-09BC1F54CF4F}"
EndProject
Global
	GlobalSection(SolutionConfigurationPlatforms) = preSolution
		Debug|Any CPU = Debug|Any CPU
		Debug|x64 = Debug|x64
		Debug|x86 = Debug|x86
		Release|Any CPU = Release|Any CPU
		Release|x64 = Release|x64
		Release|x86 = Release|x86
	EndGlobalSection
	GlobalSection(ProjectConfigurationPlatforms) = postSolution
		{9C285B05-D02E-4F5B-8FB3-AC5DE92B1900}.Debug|Any CPU.ActiveCfg = Debug|Any CPU
		{9C285B05-D02E-4F5B-8FB3-AC5DE92B1900}.Debug|Any CPU.Build.0 = Debug|Any CPU
		{9C285B05-D02E-4F5B-8FB3-AC5DE92B1900}.Debug|x64.ActiveCfg = Debug|Any CPU
		{9C285B05-D02E-4F5B-8FB3-AC5DE92B1900}.Debug|x64.Build.0 = Debug|Any CPU
		{9C285B05-D02E-4F5B-8FB3-AC5DE92B1900}.Debug|x86.ActiveCfg = Debug|Any CPU
		{9C285B05-D02E-4F5B-8FB3-AC5DE92B1900}.Debug|x86.Build.0 = Debug|Any CPU
		{9C285B05-D02E-4F5B-8FB3-AC5DE92B1900}.Release|Any CPU.ActiveCfg = Release|Any CPU
		{9C285B05-D02E-4F5B-8FB3-AC5DE92B1900}.Release|Any CPU.Build.0 = Release|Any CPU
		{9C285B05-D02E-4F5B-8FB3-AC5DE92B1900}.Release|x64.ActiveCfg = Release|Any CPU
		{9C285B05-D02E-4F5B-8FB3-AC5DE92B1900}.Release|x64.Build.0 = Release|Any CPU
		{9C285B05-D02E-4F5B-8FB3-AC5DE92B1900}.Release|x86.ActiveCfg = Release|Any CPU
		{9C285B05-D02E-4F5B-8FB3-AC5DE92B1900}.Release|x86.Build.0 = Release|Any CPU
		{AAB0C7A0-B3EC-438D-BEEE-F7C7CBE8D049}.Debug|Any CPU.ActiveCfg = Debug|Any CPU
		{AAB0C7A0-B3EC-438D-BEEE-F7C7CBE8D049}.Debug|Any CPU.Build.0 = Debug|Any CPU
		{AAB0C7A0-B3EC-438D-BEEE-F7C7CBE8D049}.Debug|x64.ActiveCfg = Debug|Any CPU
		{AAB0C7A0-B3EC-438D-BEEE-F7C7CBE8D049}.Debug|x64.Build.0 = Debug|Any CPU
		{AAB0C7A0-B3EC-438D-BEEE-F7C7CBE8D049}.Debug|x86.ActiveCfg = Debug|Any CPU
		{AAB0C7A0-B3EC-438D-BEEE-F7C7CBE8D049}.Debug|x86.Build.0 = Debug|Any CPU
		{AAB0C7A0-B3EC-438D-BEEE-F7C7CBE8D049}.Release|Any CPU.ActiveCfg = Release|Any CPU
		{AAB0C7A0-B3EC-438D-BEEE-F7C7CBE8D049}.Release|Any CPU.Build.0 = Release|Any CPU
		{AAB0C7A0-B3EC-438D-BEEE-F7C7CBE8D049}.Release|x64.ActiveCfg = Release|Any CPU
		{AAB0C7A0-B3EC-438D-BEEE-F7C7CBE8D049}.Release|x64.Build.0 = Release|Any CPU
		{AAB0C7A0-B3EC-438D-BEEE-F7C7CBE8D049}.Release|x86.ActiveCfg = Release|Any CPU
		{AAB0C7A0-B3EC-438D-BEEE-F7C7CBE8D049}.Release|x86.Build.0 = Release|Any CPU
		{1AF0B151-5882-4F26-B8AA-88689D19AEED}.Debug|Any CPU.ActiveCfg = Debug|Any CPU
		{1AF0B151-5882-4F26-B8AA-88689D19AEED}.Debug|Any CPU.Build.0 = Debug|Any CPU
		{1AF0B151-5882-4F26-B8AA-88689D19AEED}.Debug|x64.ActiveCfg = Debug|Any CPU
		{1AF0B151-5882-4F26-B8AA-88689D19AEED}.Debug|x64.Build.0 = Debug|Any CPU
		{1AF0B151-5882-4F26-B8AA-88689D19AEED}.Debug|x86.ActiveCfg = Debug|Any CPU
		{1AF0B151-5882-4F26-B8AA-88689D19AEED}.Debug|x86.Build.0 = Debug|Any CPU
		{1AF0B151-5882-4F26-B8AA-88689D19AEED}.Release|Any CPU.ActiveCfg = Release|Any CPU
		{1AF0B151-5882-4F26-B8AA-88689D19AEED}.Release|Any CPU.Build.0 = Release|Any CPU
		{1AF0B151-5882-4F26-B8AA-88689D19AEED}.Release|x64.ActiveCfg = Release|Any CPU
		{1AF0B151-5882-4F26-B8AA-88689D19AEED}.Release|x64.Build.0 = Release|Any CPU
		{1AF0B151-5882-4F26-B8AA-88689D19AEED}.Release|x86.ActiveCfg = Release|Any CPU
		{1AF0B151-5882-4F26-B8AA-88689D19AEED}.Release|x86.Build.0 = Release|Any CPU
		{235EDC1C-C4AF-F5FB-2EB6-334AEF7BAC7A}.Debug|Any CPU.ActiveCfg = Debug|Any CPU
		{235EDC1C-C4AF-F5FB-2EB6-334AEF7BAC7A}.Debug|Any CPU.Build.0 = Debug|Any CPU
		{235EDC1C-C4AF-F5FB-2EB6-334AEF7BAC7A}.Debug|x64.ActiveCfg = Debug|Any CPU
		{235EDC1C-C4AF-F5FB-2EB6-334AEF7BAC7A}.Debug|x64.Build.0 = Debug|Any CPU
		{235EDC1C-C4AF-F5FB-2EB6-334AEF7BAC7A}.Debug|x86.ActiveCfg = Debug|Any CPU
		{235EDC1C-C4AF-F5FB-2EB6-334AEF7BAC7A}.Debug|x86.Build.0 = Debug|Any CPU
		{235EDC1C-C4AF-F5FB-2EB6-334AEF7BAC7A}.Release|Any CPU.ActiveCfg = Release|Any CPU
		{235EDC1C-C4AF-F5FB-2EB6-334AEF7BAC7A}.Release|Any CPU.Build.0 = Release|Any CPU
		{235EDC1C-C4AF-F5FB-2EB6-334AEF7BAC7A}.Release|x64.ActiveCfg = Release|Any CPU
		{235EDC1C-C4AF-F5FB-2EB6-334AEF7BAC7A}.Release|x64.Build.0 = Release|Any CPU
		{235EDC1C-C4AF-F5FB-2EB6-334AEF7BAC7A}.Release|x86.ActiveCfg = Release|Any CPU
		{235EDC1C-C4AF-F5FB-2EB6-334AEF7BAC7A}.Release|x86.Build.0 = Release|Any CPU
		{4BD34E49-FAB6-5030-C657-DD817B4B907E}.Debug|Any CPU.ActiveCfg = Debug|Any CPU
		{4BD34E49-FAB6-5030-C657-DD817B4B907E}.Debug|Any CPU.Build.0 = Debug|Any CPU
		{4BD34E49-FAB6-5030-C657-DD817B4B907E}.Debug|x64.ActiveCfg = Debug|Any CPU
		{4BD34E49-FAB6-5030-C657-DD817B4B907E}.Debug|x64.Build.0 = Debug|Any CPU
		{4BD34E49-FAB6-5030-C657-DD817B4B907E}.Debug|x86.ActiveCfg = Debug|Any CPU
		{4BD34E49-FAB6-5030-C657-DD817B4B907E}.Debug|x86.Build.0 = Debug|Any CPU
		{4BD34E49-FAB6-5030-C657-DD817B4B907E}.Release|Any CPU.ActiveCfg = Release|Any CPU
		{4BD34E49-FAB6-5030-C657-DD817B4B907E}.Release|Any CPU.Build.0 = Release|Any CPU
		{4BD34E49-FAB6-5030-C657-DD817B4B907E}.Release|x64.ActiveCfg = Release|Any CPU
		{4BD34E49-FAB6-5030-C657-DD817B4B907E}.Release|x64.Build.0 = Release|Any CPU
		{4BD34E49-FAB6-5030-C657-DD817B4B907E}.Release|x86.ActiveCfg = Release|Any CPU
		{4BD34E49-FAB6-5030-C657-DD817B4B907E}.Release|x86.Build.0 = Release|Any CPU
		{B8E3A1C2-5D4F-4E6A-9B7C-8D1E2F3A4B5C}.Debug|Any CPU.ActiveCfg = Debug|Any CPU
		{B8E3A1C2-5D4F-4E6A-9B7C-8D1E2F3A4B5C}.Debug|Any CPU.Build.0 = Debug|Any CPU
		{B8E3A1C2-5D4F-4E6A-9B7C-8D1E2F3A4B5C}.Debug|x64.ActiveCfg = Debug|Any CPU
		{B8E3A1C2-5D4F-4E6A-9B7C-8D1E2F3A4B5C}.Debug|x64.Build.0 = Debug|Any CPU
		{B8E3A1C2-5D4F-4E6A-9B7C-8D1E2F3A4B5C}.Debug|x86.ActiveCfg = Debug|Any CPU
		{B8E3A1C2-5D4F-4E6A-9B7C-8D1E2F3A4B5C}.Debug|x86.Build.0 = Debug|Any CPU
		{B8E3A1C2-5D4F-4E6A-9B7C-8D1E2F3A4B5C}.Release|Any CPU.ActiveCfg = Release|Any CPU
		{B8E3A1C2-5D4F-4E6A-9B7C-8D1E2F3A4B5C}.Release|Any CPU.Build.0 = Release|Any CPU
		{B8E3A1C2-5D4F-4E6A-9B7C-8D1E2F3A4B5C}.Release|x64.ActiveCfg = Release|Any CPU
		{B8E3A1C2-5D4F-4E6A-9B7C-8D1E2F3A4B5C}.Release|x64.Build.0 = Release|Any CPU
		{B8E3A1C2-5D4F-4E6A-9B7C-8D1E2F3A4B5C}.Release|x86.ActiveCfg = Release|Any CPU
		{B8E3A1C2-5D4F-4E6A-9B7C-8D1E2F3A4B5C}.Release|x86.Build.0 = Release|Any CPU
		{9582D1F8-73C7-4BC1-B4F4-09BC1F54CF4F}.Debug|Any CPU.ActiveCfg = Debug|Any CPU
		{9582D1F8-73C7-4BC1-B4F4-09BC1F54CF4F}.Debug|Any CPU.Build.0 = Debug|Any CPU
		{9582D1F8-73C7-4BC1-B4F4-09BC1F54CF4F}.Debug|x64.ActiveCfg = Debug|Any CPU
		{9582D1F8-73C7-4BC1-B4F4-09BC1F54CF4F}.Debug|x64.Build.0 = Debug|Any CPU
		{9582D1F8-73C7-4BC1-B4F4-09BC1F54CF4F}.Debug|x86.ActiveCfg = Debug|Any CPU
		{9582D1F8-73C7-4BC1-B4F4-09BC1F54CF4F}.Debug|x86.Build.0 = Debug|Any CPU
		{9582D1F8-73C7-4BC1-B4F4-09BC1F54CF4F}.Release|Any CPU.ActiveCfg = Release|Any CPU
		{9582D1F8-73C7-4BC1-B4F4-09BC1F54CF4F}.Release|Any CPU.Build.0 = Release|Any CPU
		{9582D1F8-73C7-4BC1-B4F4-09BC1F54CF4F}.Release|x64.ActiveCfg = Release|Any CPU
		{9582D1F8-73C7-4BC1-B4F4-09BC1F54CF4F}.Release|x64.Build.0 = Release|Any CPU
		{9582D1F8-73C7-4BC1-B4F4-09BC1F54CF4F}.Release|x86.ActiveCfg = Release|Any CPU
		{9582D1F8-73C7-4BC1-B4F4-09BC1F54CF4F}.Release|x86.Build.0 = Release|Any CPU
	EndGlobalSection
	GlobalSection(SolutionProperties) = preSolution
		HideSolutionNode = FALSE
	EndGlobalSection
	GlobalSection(ExtensibilityGlobals) = postSolution
		SolutionGuid = {2485A51D-27FC-474F-A3BB-2E8D457F97B0}
	EndGlobalSection
EndGlobal
